
Microsoft Visual Studio Solution File, Format Version 12.00
# Visual Studio Version 17
VisualStudioVersion = 17.11.35327.3
MinimumVisualStudioVersion = 10.0.40219.1
Project("{FAE04EC0-301F-11D3-BF4B-00C04F79EFBC}") = "Foodie", "Foodie\Foodie.csproj", "{3D09905D-834A-417F-871F-40DD67D54E56}"
EndProject
Global
	GlobalSection(SolutionConfigurationPlatforms) = preSolution
		Debug|Any CPU = Debug|Any CPU
		Release|Any CPU = Release|Any CPU
	EndGlobalSection
	GlobalSection(ProjectConfigurationPlatforms) = postSolution
		{3D09905D-834A-417F-871F-40DD67D54E56}.Debug|Any CPU.ActiveCfg = Debug|Any CPU
		{3D09905D-834A-417F-871F-40DD67D54E56}.Debug|Any CPU.Build.0 = Debug|Any CPU
		{3D09905D-834A-417F-871F-40DD67D54E56}.Release|Any CPU.ActiveCfg = Release|Any CPU
		{3D09905D-834A-417F-871F-40DD67D54E56}.Release|Any CPU.Build.0 = Release|Any CPU
	EndGlobalSection
	GlobalSection(SolutionProperties) = preSolution
		HideSolutionNode = FALSE
	EndGlobalSection
	GlobalSection(ExtensibilityGlobals) = postSolution
		SolutionGuid = {CDE4986B-7B72-4A21-A729-D4426EBC6680}
	EndGlobalSection
EndGlobal
